
Microsoft Visual Studio Solution File, Format Version 12.00
# Visual Studio Version 16
VisualStudioVersion = 16.0.28803.452
MinimumVisualStudioVersion = 10.0.40219.1
Project("{FAE04EC0-301F-11D3-BF4B-00C04F79EFBC}") = "vetinte", "vetinte\vetinte.csproj", "{433FF201-0582-4A66-9EB6-7DAF96A27CCC}"
EndProject
Global
	GlobalSection(SolutionConfigurationPlatforms) = preSolution
		Debug|Any CPU = Debug|Any CPU
		Release|Any CPU = Release|Any CPU
	EndGlobalSection
	GlobalSection(ProjectConfigurationPlatforms) = postSolution
		{433FF201-0582-4A66-9EB6-7DAF96A27CCC}.Debug|Any CPU.ActiveCfg = Debug|Any CPU
		{433FF201-0582-4A66-9EB6-7DAF96A27CCC}.Debug|Any CPU.Build.0 = Debug|Any CPU
		{433FF201-0582-4A66-9EB6-7DAF96A27CCC}.Release|Any CPU.ActiveCfg = Release|Any CPU
		{433FF201-0582-4A66-9EB6-7DAF96A27CCC}.Release|Any CPU.Build.0 = Release|Any CPU
	EndGlobalSection
	GlobalSection(SolutionProperties) = preSolution
		HideSolutionNode = FALSE
	EndGlobalSection
	GlobalSection(ExtensibilityGlobals) = postSolution
		SolutionGuid = {BD170468-E0DB-40BF-9164-812E9EBC2FC8}
	EndGlobalSection
EndGlobal
